<?xml version="1.0" encoding="utf-8"?>
<Project ToolsVersion="4.0" xmlns="http://schemas.microsoft.com/developer/msbuild/2003">
  <ItemGroup>
    <Filter Include="Source files">
      <UniqueIdentifier>{e9dff82d-0aba-4daf-95b2-a9bb3fd55d4e}</UniqueIdentifier>
      <Extensions>cpp;c;cc;cxx;def;odl;idl;hpj;bat;asm;asmx</Extensions>
    </Filter>
    <Filter Include="Header files">
      <UniqueIdentifier>{e1bdec18-22e3-4554-8a6b-d506ee363dcd}</UniqueIdentifier>
      <Extensions>h;hpp;hxx;hm;inl;inc;xsd</Extensions>
    </Filter>
    <Filter Include="Make files">
      <UniqueIdentifier>{3f7c54b6-207a-4936-ad02-2ecb263d4063}</UniqueIdentifier>
      <Extensions>*.mak</Extensions>
    </Filter>
    <Filter Include="VisualGDB settings">
      <UniqueIdentifier>{a7a325b2-4423-4521-b93f-242043c2ab5b}</UniqueIdentifier>
      <Extensions>*.vgdbsettings</Extensions>
    </Filter>
  </ItemGroup>
  <ItemGroup>
    <None Include="Makefile" />
    <None Include="Aecf-Debug.vgdbsettings">
      <Filter>VisualGDB settings</Filter>
    </None>
    <None Include="release.mak">
      <Filter>Make files</Filter>
    </None>
    <None Include="Aecf-Release.vgdbsettings">
      <Filter>VisualGDB settings</Filter>
    </None>
  </ItemGroup>
  <ItemGroup>
    <ClInclude Include="include\AHRS.h">
      <Filter>Header files</Filter>
    </ClInclude>
    <ClInclude Include="include\arduino_i2c.h">
      <Filter>Header files</Filter>
    </ClInclude>
    <ClInclude Include="include\hmc5883l.h">
      <Filter>Header files</Filter>
    </ClInclude>
    <ClInclude Include="include\motorcontrol.h">
      <Filter>Header files</Filter>
    </ClInclude>
    <ClInclude Include="include\mpu6050.h">
      <Filter>Header files</Filter>
    </ClInclude>
    <ClInclude Include="include\Quaternion.h">
      <Filter>Header files</Filter>
    </ClInclude>
    <ClInclude Include="include\sensor.h">
      <Filter>Header files</Filter>
    </ClInclude>
    <ClInclude Include="include\transform.h">
      <Filter>Header files</Filter>
    </ClInclude>
    <ClInclude Include="include\vector3.h">
      <Filter>Header files</Filter>
    </ClInclude>
  </ItemGroup>
  <ItemGroup>
    <ClCompile Include="src\AHRS.cpp">
      <Filter>Source files</Filter>
    </ClCompile>
    <ClCompile Include="src\hmc5883l.cpp">
      <Filter>Source files</Filter>
    </ClCompile>
    <ClCompile Include="src\main.cpp">
      <Filter>Source files</Filter>
    </ClCompile>
    <ClCompile Include="src\motorcontrol.cpp">
      <Filter>Source files</Filter>
    </ClCompile>
    <ClCompile Include="src\mpu6050.cpp">
      <Filter>Source files</Filter>
    </ClCompile>
    <ClCompile Include="src\Quaternion.cpp">
      <Filter>Source files</Filter>
    </ClCompile>
    <ClCompile Include="src\sensor.cpp">
      <Filter>Source files</Filter>
    </ClCompile>
    <ClCompile Include="src\transform.cpp">
      <Filter>Source files</Filter>
    </ClCompile>
  </ItemGroup>
</Project>